// !$*UTF8*$!
{
	archiveVersion = 1;
	classes = {
	};
	objectVersion = 46;
	objects = {

/* Begin PBXBuildFile section */
		21403DB81BEFE62C008DD9BF /* AppDelegate.swift in Sources */ = {isa = PBXBuildFile; fileRef = 21403DB71BEFE62C008DD9BF /* AppDelegate.swift */; };
		21403DBA1BEFE62C008DD9BF /* ViewController.swift in Sources */ = {isa = PBXBuildFile; fileRef = 21403DB91BEFE62C008DD9BF /* ViewController.swift */; };
		21403DBD1BEFE62C008DD9BF /* Main.storyboard in Resources */ = {isa = PBXBuildFile; fileRef = 21403DBB1BEFE62C008DD9BF /* Main.storyboard */; };
		21403DBF1BEFE62C008DD9BF /* Assets.xcassets in Resources */ = {isa = PBXBuildFile; fileRef = 21403DBE1BEFE62C008DD9BF /* Assets.xcassets */; };
		21403DC21BEFE62C008DD9BF /* LaunchScreen.storyboard in Resources */ = {isa = PBXBuildFile; fileRef = 21403DC01BEFE62C008DD9BF /* LaunchScreen.storyboard */; };
		21403DC71BEFE62C008DD9BF /* e3-konkret WatchKit App.app in Embed Watch Content */ = {isa = PBXBuildFile; fileRef = 21403DC61BEFE62C008DD9BF /* e3-konkret WatchKit App.app */; };
		21403DCD1BEFE62C008DD9BF /* Interface.storyboard in Resources */ = {isa = PBXBuildFile; fileRef = 21403DCB1BEFE62C008DD9BF /* Interface.storyboard */; };
		21403DCF1BEFE62C008DD9BF /* Assets.xcassets in Resources */ = {isa = PBXBuildFile; fileRef = 21403DCE1BEFE62C008DD9BF /* Assets.xcassets */; };
		21403DD61BEFE62C008DD9BF /* e3-konkret WatchKit Extension.appex in Embed App Extensions */ = {isa = PBXBuildFile; fileRef = 21403DD51BEFE62C008DD9BF /* e3-konkret WatchKit Extension.appex */; settings = {ATTRIBUTES = (RemoveHeadersOnCopy, ); }; };
		21403DDD1BEFE62C008DD9BF /* InterfaceController.swift in Sources */ = {isa = PBXBuildFile; fileRef = 21403DDC1BEFE62C008DD9BF /* InterfaceController.swift */; };
		21403DDF1BEFE62C008DD9BF /* ExtensionDelegate.swift in Sources */ = {isa = PBXBuildFile; fileRef = 21403DDE1BEFE62C008DD9BF /* ExtensionDelegate.swift */; };
		21403DE11BEFE62C008DD9BF /* NotificationController.swift in Sources */ = {isa = PBXBuildFile; fileRef = 21403DE01BEFE62C008DD9BF /* NotificationController.swift */; };
		21403DE31BEFE62C008DD9BF /* GlanceController.swift in Sources */ = {isa = PBXBuildFile; fileRef = 21403DE21BEFE62C008DD9BF /* GlanceController.swift */; };
		21403DE51BEFE62C008DD9BF /* ComplicationController.swift in Sources */ = {isa = PBXBuildFile; fileRef = 21403DE41BEFE62C008DD9BF /* ComplicationController.swift */; };
		21403DE71BEFE62C008DD9BF /* Assets.xcassets in Resources */ = {isa = PBXBuildFile; fileRef = 21403DE61BEFE62C008DD9BF /* Assets.xcassets */; };
/* End PBXBuildFile section */

/* Begin PBXContainerItemProxy section */
		21403DC81BEFE62C008DD9BF /* PBXContainerItemProxy */ = {
			isa = PBXContainerItemProxy;
			containerPortal = 21403DAC1BEFE62C008DD9BF /* Project object */;
			proxyType = 1;
			remoteGlobalIDString = 21403DC51BEFE62C008DD9BF;
			remoteInfo = "e3-konkret WatchKit App";
		};
		21403DD71BEFE62C008DD9BF /* PBXContainerItemProxy */ = {
			isa = PBXContainerItemProxy;
			containerPortal = 21403DAC1BEFE62C008DD9BF /* Project object */;
			proxyType = 1;
			remoteGlobalIDString = 21403DD41BEFE62C008DD9BF;
			remoteInfo = "e3-konkret WatchKit Extension";
		};
/* End PBXContainerItemProxy section */

/* Begin PBXCopyFilesBuildPhase section */
		21403DEE1BEFE62C008DD9BF /* Embed App Extensions */ = {
			isa = PBXCopyFilesBuildPhase;
			buildActionMask = 2147483647;
			dstPath = "";
			dstSubfolderSpec = 13;
			files = (
				21403DD61BEFE62C008DD9BF /* e3-konkret WatchKit Extension.appex in Embed App Extensions */,
			);
			name = "Embed App Extensions";
			runOnlyForDeploymentPostprocessing = 0;
		};
		21403DF21BEFE62C008DD9BF /* Embed Watch Content */ = {
			isa = PBXCopyFilesBuildPhase;
			buildActionMask = 2147483647;
			dstPath = "$(CONTENTS_FOLDER_PATH)/Watch";
			dstSubfolderSpec = 16;
			files = (
				21403DC71BEFE62C008DD9BF /* e3-konkret WatchKit App.app in Embed Watch Content */,
			);
			name = "Embed Watch Content";
			runOnlyForDeploymentPostprocessing = 0;
		};
/* End PBXCopyFilesBuildPhase section */

/* Begin PBXFileReference section */
		21403DB41BEFE62C008DD9BF /* e3-konkret.app */ = {isa = PBXFileReference; explicitFileType = wrapper.application; includeInIndex = 0; path = "e3-konkret.app"; sourceTree = BUILT_PRODUCTS_DIR; };
		21403DB71BEFE62C008DD9BF /* AppDelegate.swift */ = {isa = PBXFileReference; lastKnownFileType = sourcecode.swift; path = AppDelegate.swift; sourceTree = "<group>"; };
		21403DB91BEFE62C008DD9BF /* ViewController.swift */ = {isa = PBXFileReference; lastKnownFileType = sourcecode.swift; path = ViewController.swift; sourceTree = "<group>"; };
		21403DBC1BEFE62C008DD9BF /* Base */ = {isa = PBXFileReference; lastKnownFileType = file.storyboard; name = Base; path = Base.lproj/Main.storyboard; sourceTree = "<group>"; };
		21403DBE1BEFE62C008DD9BF /* Assets.xcassets */ = {isa = PBXFileReference; lastKnownFileType = folder.assetcatalog; path = Assets.xcassets; sourceTree = "<group>"; };
		21403DC11BEFE62C008DD9BF /* Base */ = {isa = PBXFileReference; lastKnownFileType = file.storyboard; name = Base; path = Base.lproj/LaunchScreen.storyboard; sourceTree = "<group>"; };
		21403DC31BEFE62C008DD9BF /* Info.plist */ = {isa = PBXFileReference; lastKnownFileType = text.plist.xml; path = Info.plist; sourceTree = "<group>"; };
		21403DC61BEFE62C008DD9BF /* e3-konkret WatchKit App.app */ = {isa = PBXFileReference; explicitFileType = wrapper.application; includeInIndex = 0; path = "e3-konkret WatchKit App.app"; sourceTree = BUILT_PRODUCTS_DIR; };
		21403DCC1BEFE62C008DD9BF /* Base */ = {isa = PBXFileReference; lastKnownFileType = file.storyboard; name = Base; path = Base.lproj/Interface.storyboard; sourceTree = "<group>"; };
		21403DCE1BEFE62C008DD9BF /* Assets.xcassets */ = {isa = PBXFileReference; lastKnownFileType = folder.assetcatalog; path = Assets.xcassets; sourceTree = "<group>"; };
		21403DD01BEFE62C008DD9BF /* Info.plist */ = {isa = PBXFileReference; lastKnownFileType = text.plist.xml; path = Info.plist; sourceTree = "<group>"; };
		21403DD51BEFE62C008DD9BF /* e3-konkret WatchKit Extension.appex */ = {isa = PBXFileReference; explicitFileType = "wrapper.app-extension"; includeInIndex = 0; path = "e3-konkret WatchKit Extension.appex"; sourceTree = BUILT_PRODUCTS_DIR; };
		21403DDB1BEFE62C008DD9BF /* PushNotificationPayload.apns */ = {isa = PBXFileReference; lastKnownFileType = text; path = PushNotificationPayload.apns; sourceTree = "<group>"; };
		21403DDC1BEFE62C008DD9BF /* InterfaceController.swift */ = {isa = PBXFileReference; lastKnownFileType = sourcecode.swift; path = InterfaceController.swift; sourceTree = "<group>"; };
		21403DDE1BEFE62C008DD9BF /* ExtensionDelegate.swift */ = {isa = PBXFileReference; lastKnownFileType = sourcecode.swift; path = ExtensionDelegate.swift; sourceTree = "<group>"; };
		21403DE01BEFE62C008DD9BF /* NotificationController.swift */ = {isa = PBXFileReference; lastKnownFileType = sourcecode.swift; path = NotificationController.swift; sourceTree = "<group>"; };
		21403DE21BEFE62C008DD9BF /* GlanceController.swift */ = {isa = PBXFileReference; lastKnownFileType = sourcecode.swift; path = GlanceController.swift; sourceTree = "<group>"; };
		21403DE41BEFE62C008DD9BF /* ComplicationController.swift */ = {isa = PBXFileReference; lastKnownFileType = sourcecode.swift; path = ComplicationController.swift; sourceTree = "<group>"; };
		21403DE61BEFE62C008DD9BF /* Assets.xcassets */ = {isa = PBXFileReference; lastKnownFileType = folder.assetcatalog; path = Assets.xcassets; sourceTree = "<group>"; };
		21403DE81BEFE62C008DD9BF /* Info.plist */ = {isa = PBXFileReference; lastKnownFileType = text.plist.xml; path = Info.plist; sourceTree = "<group>"; };
/* End PBXFileReference section */

/* Begin PBXFrameworksBuildPhase section */
		21403DB11BEFE62C008DD9BF /* Frameworks */ = {
			isa = PBXFrameworksBuildPhase;
			buildActionMask = 2147483647;
			files = (
			);
			runOnlyForDeploymentPostprocessing = 0;
		};
		21403DD21BEFE62C008DD9BF /* Frameworks */ = {
			isa = PBXFrameworksBuildPhase;
			buildActionMask = 2147483647;
			files = (
			);
			runOnlyForDeploymentPostprocessing = 0;
		};
/* End PBXFrameworksBuildPhase section */

/* Begin PBXGroup section */
		21403DAB1BEFE62C008DD9BF = {
			isa = PBXGroup;
			children = (
				21403DB61BEFE62C008DD9BF /* e3-konkret */,
				21403DCA1BEFE62C008DD9BF /* e3-konkret WatchKit App */,
				21403DD91BEFE62C008DD9BF /* e3-konkret WatchKit Extension */,
				21403DB51BEFE62C008DD9BF /* Products */,
			);
			sourceTree = "<group>";
		};
		21403DB51BEFE62C008DD9BF /* Products */ = {
			isa = PBXGroup;
			children = (
				21403DB41BEFE62C008DD9BF /* e3-konkret.app */,
				21403DC61BEFE62C008DD9BF /* e3-konkret WatchKit App.app */,
				21403DD51BEFE62C008DD9BF /* e3-konkret WatchKit Extension.appex */,
			);
			name = Products;
			sourceTree = "<group>";
		};
		21403DB61BEFE62C008DD9BF /* e3-konkret */ = {
			isa = PBXGroup;
			children = (
				21403DB71BEFE62C008DD9BF /* AppDelegate.swift */,
				21403DB91BEFE62C008DD9BF /* ViewController.swift */,
				21403DBB1BEFE62C008DD9BF /* Main.storyboard */,
				21403DBE1BEFE62C008DD9BF /* Assets.xcassets */,
				21403DC01BEFE62C008DD9BF /* LaunchScreen.storyboard */,
				21403DC31BEFE62C008DD9BF /* Info.plist */,
			);
			path = "e3-konkret";
			sourceTree = "<group>";
		};
		21403DCA1BEFE62C008DD9BF /* e3-konkret WatchKit App */ = {
			isa = PBXGroup;
			children = (
				21403DCB1BEFE62C008DD9BF /* Interface.storyboard */,
				21403DCE1BEFE62C008DD9BF /* Assets.xcassets */,
				21403DD01BEFE62C008DD9BF /* Info.plist */,
			);
			path = "e3-konkret WatchKit App";
			sourceTree = "<group>";
		};
		21403DD91BEFE62C008DD9BF /* e3-konkret WatchKit Extension */ = {
			isa = PBXGroup;
			children = (
				21403DDC1BEFE62C008DD9BF /* InterfaceController.swift */,
				21403DDE1BEFE62C008DD9BF /* ExtensionDelegate.swift */,
				21403DE01BEFE62C008DD9BF /* NotificationController.swift */,
				21403DE21BEFE62C008DD9BF /* GlanceController.swift */,
				21403DE41BEFE62C008DD9BF /* ComplicationController.swift */,
				21403DE61BEFE62C008DD9BF /* Assets.xcassets */,
				21403DE81BEFE62C008DD9BF /* Info.plist */,
				21403DDA1BEFE62C008DD9BF /* Supporting Files */,
			);
			path = "e3-konkret WatchKit Extension";
			sourceTree = "<group>";
		};
		21403DDA1BEFE62C008DD9BF /* Supporting Files */ = {
			isa = PBXGroup;
			children = (
				21403DDB1BEFE62C008DD9BF /* PushNotificationPayload.apns */,
			);
			name = "Supporting Files";
			sourceTree = "<group>";
		};
/* End PBXGroup section */

/* Begin PBXNativeTarget section */
		21403DB31BEFE62C008DD9BF /* e3-konkret */ = {
			isa = PBXNativeTarget;
			buildConfigurationList = 21403DF31BEFE62C008DD9BF /* Build configuration list for PBXNativeTarget "e3-konkret" */;
			buildPhases = (
				21403DB01BEFE62C008DD9BF /* Sources */,
				21403DB11BEFE62C008DD9BF /* Frameworks */,
				21403DB21BEFE62C008DD9BF /* Resources */,
				21403DF21BEFE62C008DD9BF /* Embed Watch Content */,
			);
			buildRules = (
			);
			dependencies = (
				21403DC91BEFE62C008DD9BF /* PBXTargetDependency */,
			);
			name = "e3-konkret";
			productName = "e3-konkret";
			productReference = 21403DB41BEFE62C008DD9BF /* e3-konkret.app */;
			productType = "com.apple.product-type.application";
		};
		21403DC51BEFE62C008DD9BF /* e3-konkret WatchKit App */ = {
			isa = PBXNativeTarget;
			buildConfigurationList = 21403DEF1BEFE62C008DD9BF /* Build configuration list for PBXNativeTarget "e3-konkret WatchKit App" */;
			buildPhases = (
				21403DC41BEFE62C008DD9BF /* Resources */,
				21403DEE1BEFE62C008DD9BF /* Embed App Extensions */,
			);
			buildRules = (
			);
			dependencies = (
				21403DD81BEFE62C008DD9BF /* PBXTargetDependency */,
			);
			name = "e3-konkret WatchKit App";
			productName = "e3-konkret WatchKit App";
			productReference = 21403DC61BEFE62C008DD9BF /* e3-konkret WatchKit App.app */;
			productType = "com.apple.product-type.application.watchapp2";
		};
		21403DD41BEFE62C008DD9BF /* e3-konkret WatchKit Extension */ = {
			isa = PBXNativeTarget;
			buildConfigurationList = 21403DEB1BEFE62C008DD9BF /* Build configuration list for PBXNativeTarget "e3-konkret WatchKit Extension" */;
			buildPhases = (
				21403DD11BEFE62C008DD9BF /* Sources */,
				21403DD21BEFE62C008DD9BF /* Frameworks */,
				21403DD31BEFE62C008DD9BF /* Resources */,
			);
			buildRules = (
			);
			dependencies = (
			);
			name = "e3-konkret WatchKit Extension";
			productName = "e3-konkret WatchKit Extension";
			productReference = 21403DD51BEFE62C008DD9BF /* e3-konkret WatchKit Extension.appex */;
			productType = "com.apple.product-type.watchkit2-extension";
		};
/* End PBXNativeTarget section */

/* Begin PBXProject section */
		21403DAC1BEFE62C008DD9BF /* Project object */ = {
			isa = PBXProject;
			attributes = {
				LastSwiftUpdateCheck = 0710;
				LastUpgradeCheck = 0710;
				ORGANIZATIONNAME = "Tino Langer";
				TargetAttributes = {
					21403DB31BEFE62C008DD9BF = {
						CreatedOnToolsVersion = 7.1;
					};
					21403DC51BEFE62C008DD9BF = {
						CreatedOnToolsVersion = 7.1;
					};
					21403DD41BEFE62C008DD9BF = {
						CreatedOnToolsVersion = 7.1;
					};
				};
			};
			buildConfigurationList = 21403DAF1BEFE62C008DD9BF /* Build configuration list for PBXProject "e3-konkret" */;
			compatibilityVersion = "Xcode 3.2";
			developmentRegion = English;
			hasScannedForEncodings = 0;
			knownRegions = (
				en,
				Base,
			);
			mainGroup = 21403DAB1BEFE62C008DD9BF;
			productRefGroup = 21403DB51BEFE62C008DD9BF /* Products */;
			projectDirPath = "";
			projectRoot = "";
			targets = (
				21403DB31BEFE62C008DD9BF /* e3-konkret */,
				21403DC51BEFE62C008DD9BF /* e3-konkret WatchKit App */,
				21403DD41BEFE62C008DD9BF /* e3-konkret WatchKit Extension */,
			);
		};
/* End PBXProject section */

/* Begin PBXResourcesBuildPhase section */
		21403DB21BEFE62C008DD9BF /* Resources */ = {
			isa = PBXResourcesBuildPhase;
			buildActionMask = 2147483647;
			files = (
				21403DC21BEFE62C008DD9BF /* LaunchScreen.storyboard in Resources */,
				21403DBF1BEFE62C008DD9BF /* Assets.xcassets in Resources */,
				21403DBD1BEFE62C008DD9BF /* Main.storyboard in Resources */,
			);
			runOnlyForDeploymentPostprocessing = 0;
		};
		21403DC41BEFE62C008DD9BF /* Resources */ = {
			isa = PBXResourcesBuildPhase;
			buildActionMask = 2147483647;
			files = (
				21403DCF1BEFE62C008DD9BF /* Assets.xcassets in Resources */,
				21403DCD1BEFE62C008DD9BF /* Interface.storyboard in Resources */,
			);
			runOnlyForDeploymentPostprocessing = 0;
		};
		21403DD31BEFE62C008DD9BF /* Resources */ = {
			isa = PBXResourcesBuildPhase;
			buildActionMask = 2147483647;
			files = (
				21403DE71BEFE62C008DD9BF /* Assets.xcassets in Resources */,
			);
			runOnlyForDeploymentPostprocessing = 0;
		};
/* End PBXResourcesBuildPhase section */

/* Begin PBXSourcesBuildPhase section */
		21403DB01BEFE62C008DD9BF /* Sources */ = {
			isa = PBXSourcesBuildPhase;
			buildActionMask = 2147483647;
			files = (
				21403DBA1BEFE62C008DD9BF /* ViewController.swift in Sources */,
				21403DB81BEFE62C008DD9BF /* AppDelegate.swift in Sources */,
			);
			runOnlyForDeploymentPostprocessing = 0;
		};
		21403DD11BEFE62C008DD9BF /* Sources */ = {
			isa = PBXSourcesBuildPhase;
			buildActionMask = 2147483647;
			files = (
				21403DE11BEFE62C008DD9BF /* NotificationController.swift in Sources */,
				21403DDF1BEFE62C008DD9BF /* ExtensionDelegate.swift in Sources */,
				21403DE51BEFE62C008DD9BF /* ComplicationController.swift in Sources */,
				21403DDD1BEFE62C008DD9BF /* InterfaceController.swift in Sources */,
				21403DE31BEFE62C008DD9BF /* GlanceController.swift in Sources */,
			);
			runOnlyForDeploymentPostprocessing = 0;
		};
/* End PBXSourcesBuildPhase section */

/* Begin PBXTargetDependency section */
		21403DC91BEFE62C008DD9BF /* PBXTargetDependency */ = {
			isa = PBXTargetDependency;
			target = 21403DC51BEFE62C008DD9BF /* e3-konkret WatchKit App */;
			targetProxy = 21403DC81BEFE62C008DD9BF /* PBXContainerItemProxy */;
		};
		21403DD81BEFE62C008DD9BF /* PBXTargetDependency */ = {
			isa = PBXTargetDependency;
			target = 21403DD41BEFE62C008DD9BF /* e3-konkret WatchKit Extension */;
			targetProxy = 21403DD71BEFE62C008DD9BF /* PBXContainerItemProxy */;
		};
/* End PBXTargetDependency section */

/* Begin PBXVariantGroup section */
		21403DBB1BEFE62C008DD9BF /* Main.storyboard */ = {
			isa = PBXVariantGroup;
			children = (
				21403DBC1BEFE62C008DD9BF /* Base */,
			);
			name = Main.storyboard;
			sourceTree = "<group>";
		};
		21403DC01BEFE62C008DD9BF /* LaunchScreen.storyboard */ = {
			isa = PBXVariantGroup;
			children = (
				21403DC11BEFE62C008DD9BF /* Base */,
			);
			name = LaunchScreen.storyboard;
			sourceTree = "<group>";
		};
		21403DCB1BEFE62C008DD9BF /* Interface.storyboard */ = {
			isa = PBXVariantGroup;
			children = (
				21403DCC1BEFE62C008DD9BF /* Base */,
			);
			name = Interface.storyboard;
			sourceTree = "<group>";
		};
/* End PBXVariantGroup section */

/* Begin XCBuildConfiguration section */
		21403DE91BEFE62C008DD9BF /* Debug */ = {
			isa = XCBuildConfiguration;
			buildSettings = {
				ALWAYS_SEARCH_USER_PATHS = NO;
				CLANG_CXX_LANGUAGE_STANDARD = "gnu++0x";
				CLANG_CXX_LIBRARY = "libc++";
				CLANG_ENABLE_MODULES = YES;
				CLANG_ENABLE_OBJC_ARC = YES;
				CLANG_WARN_BOOL_CONVERSION = YES;
				CLANG_WARN_CONSTANT_CONVERSION = YES;
				CLANG_WARN_DIRECT_OBJC_ISA_USAGE = YES_ERROR;
				CLANG_WARN_EMPTY_BODY = YES;
				CLANG_WARN_ENUM_CONVERSION = YES;
				CLANG_WARN_INT_CONVERSION = YES;
				CLANG_WARN_OBJC_ROOT_CLASS = YES_ERROR;
				CLANG_WARN_UNREACHABLE_CODE = YES;
				CLANG_WARN__DUPLICATE_METHOD_MATCH = YES;
				"CODE_SIGN_IDENTITY[sdk=iphoneos*]" = "iPhone Developer";
				COPY_PHASE_STRIP = NO;
				DEBUG_INFORMATION_FORMAT = dwarf;
				ENABLE_STRICT_OBJC_MSGSEND = YES;
				ENABLE_TESTABILITY = YES;
				GCC_C_LANGUAGE_STANDARD = gnu99;
				GCC_DYNAMIC_NO_PIC = NO;
				GCC_NO_COMMON_BLOCKS = YES;
				GCC_OPTIMIZATION_LEVEL = 0;
				GCC_PREPROCESSOR_DEFINITIONS = (
					"DEBUG=1",
					"$(inherited)",
				);
				GCC_WARN_64_TO_32_BIT_CONVERSION = YES;
				GCC_WARN_ABOUT_RETURN_TYPE = YES_ERROR;
				GCC_WARN_UNDECLARED_SELECTOR = YES;
				GCC_WARN_UNINITIALIZED_AUTOS = YES_AGGRESSIVE;
				GCC_WARN_UNUSED_FUNCTION = YES;
				GCC_WARN_UNUSED_VARIABLE = YES;
				IPHONEOS_DEPLOYMENT_TARGET = 9.1;
				MTL_ENABLE_DEBUG_INFO = YES;
				ONLY_ACTIVE_ARCH = YES;
				SDKROOT = iphoneos;
				SWIFT_OPTIMIZATION_LEVEL = "-Onone";
				TARGETED_DEVICE_FAMILY = "1,2";
			};
			name = Debug;
		};
		21403DEA1BEFE62C008DD9BF /* Release */ = {
			isa = XCBuildConfiguration;
			buildSettings = {
				ALWAYS_SEARCH_USER_PATHS = NO;
				CLANG_CXX_LANGUAGE_STANDARD = "gnu++0x";
				CLANG_CXX_LIBRARY = "libc++";
				CLANG_ENABLE_MODULES = YES;
				CLANG_ENABLE_OBJC_ARC = YES;
				CLANG_WARN_BOOL_CONVERSION = YES;
				CLANG_WARN_CONSTANT_CONVERSION = YES;
				CLANG_WARN_DIRECT_OBJC_ISA_USAGE = YES_ERROR;
				CLANG_WARN_EMPTY_BODY = YES;
				CLANG_WARN_ENUM_CONVERSION = YES;
				CLANG_WARN_INT_CONVERSION = YES;
				CLANG_WARN_OBJC_ROOT_CLASS = YES_ERROR;
				CLANG_WARN_UNREACHABLE_CODE = YES;
				CLANG_WARN__DUPLICATE_METHOD_MATCH = YES;
				"CODE_SIGN_IDENTITY[sdk=iphoneos*]" = "iPhone Developer";
				COPY_PHASE_STRIP = NO;
				DEBUG_INFORMATION_FORMAT = "dwarf-with-dsym";
				ENABLE_NS_ASSERTIONS = NO;
				ENABLE_STRICT_OBJC_MSGSEND = YES;
				GCC_C_LANGUAGE_STANDARD = gnu99;
				GCC_NO_COMMON_BLOCKS = YES;
				GCC_WARN_64_TO_32_BIT_CONVERSION = YES;
				GCC_WARN_ABOUT_RETURN_TYPE = YES_ERROR;
				GCC_WARN_UNDECLARED_SELECTOR = YES;
				GCC_WARN_UNINITIALIZED_AUTOS = YES_AGGRESSIVE;
				GCC_WARN_UNUSED_FUNCTION = YES;
				GCC_WARN_UNUSED_VARIABLE = YES;
				IPHONEOS_DEPLOYMENT_TARGET = 9.1;
				MTL_ENABLE_DEBUG_INFO = NO;
				SDKROOT = iphoneos;
				TARGETED_DEVICE_FAMILY = "1,2";
				VALIDATE_PRODUCT = YES;
			};
			name = Release;
		};
		21403DEC1BEFE62C008DD9BF /* Debug */ = {
			isa = XCBuildConfiguration;
			buildSettings = {
				ASSETCATALOG_COMPILER_COMPLICATION_NAME = Complication;
				INFOPLIST_FILE = "e3-konkret WatchKit Extension/Info.plist";
				LD_RUNPATH_SEARCH_PATHS = "$(inherited) @executable_path/Frameworks @executable_path/../../Frameworks";
				PRODUCT_BUNDLE_IDENTIFIER = "de.langer.e3-konkret.watchkitapp.watchkitextension";
				PRODUCT_NAME = "${TARGET_NAME}";
				SDKROOT = watchos;
				SKIP_INSTALL = YES;
				TARGETED_DEVICE_FAMILY = 4;
				WATCHOS_DEPLOYMENT_TARGET = 2.0;
			};
			name = Debug;
		};
		21403DED1BEFE62C008DD9BF /* Release */ = {
			isa = XCBuildConfiguration;
			buildSettings = {
				ASSETCATALOG_COMPILER_COMPLICATION_NAME = Complication;
				INFOPLIST_FILE = "e3-konkret WatchKit Extension/Info.plist";
				LD_RUNPATH_SEARCH_PATHS = "$(inherited) @executable_path/Frameworks @executable_path/../../Frameworks";
				PRODUCT_BUNDLE_IDENTIFIER = "de.langer.e3-konkret.watchkitapp.watchkitextension";
				PRODUCT_NAME = "${TARGET_NAME}";
				SDKROOT = watchos;
				SKIP_INSTALL = YES;
				TARGETED_DEVICE_FAMILY = 4;
				WATCHOS_DEPLOYMENT_TARGET = 2.0;
			};
			name = Release;
		};
		21403DF01BEFE62C008DD9BF /* Debug */ = {
			isa = XCBuildConfiguration;
			buildSettings = {
				ASSETCATALOG_COMPILER_APPICON_NAME = AppIcon;
				EMBEDDED_CONTENT_CONTAINS_SWIFT = YES;
				IBSC_MODULE = e3_konkret_WatchKit_Extension;
				INFOPLIST_FILE = "e3-konkret WatchKit App/Info.plist";
				PRODUCT_BUNDLE_IDENTIFIER = "de.langer.e3-konkret.watchkitapp";
				PRODUCT_NAME = "$(TARGET_NAME)";
				SDKROOT = watchos;
				SKIP_INSTALL = YES;
				TARGETED_DEVICE_FAMILY = 4;
				WATCHOS_DEPLOYMENT_TARGET = 2.0;
			};
			name = Debug;
		};
		21403DF11BEFE62C008DD9BF /* Release */ = {
			isa = XCBuildConfiguration;
			buildSettings = {
				ASSETCATALOG_COMPILER_APPICON_NAME = AppIcon;
				EMBEDDED_CONTENT_CONTAINS_SWIFT = YES;
				IBSC_MODULE = e3_konkret_WatchKit_Extension;
				INFOPLIST_FILE = "e3-konkret WatchKit App/Info.plist";
				PRODUCT_BUNDLE_IDENTIFIER = "de.langer.e3-konkret.watchkitapp";
				PRODUCT_NAME = "$(TARGET_NAME)";
				SDKROOT = watchos;
				SKIP_INSTALL = YES;
				TARGETED_DEVICE_FAMILY = 4;
				WATCHOS_DEPLOYMENT_TARGET = 2.0;
			};
			name = Release;
		};
		21403DF41BEFE62C008DD9BF /* Debug */ = {
			isa = XCBuildConfiguration;
			buildSettings = {
				ASSETCATALOG_COMPILER_APPICON_NAME = AppIcon;
				INFOPLIST_FILE = "e3-konkret/Info.plist";
				LD_RUNPATH_SEARCH_PATHS = "$(inherited) @executable_path/Frameworks";
				PRODUCT_BUNDLE_IDENTIFIER = "de.langer.e3-konkret";
				PRODUCT_NAME = "$(TARGET_NAME)";
			};
			name = Debug;
		};
		21403DF51BEFE62C008DD9BF /* Release */ = {
			isa = XCBuildConfiguration;
			buildSettings = {
				ASSETCATALOG_COMPILER_APPICON_NAME = AppIcon;
				INFOPLIST_FILE = "e3-konkret/Info.plist";
				LD_RUNPATH_SEARCH_PATHS = "$(inherited) @executable_path/Frameworks";
				PRODUCT_BUNDLE_IDENTIFIER = "de.langer.e3-konkret";
				PRODUCT_NAME = "$(TARGET_NAME)";
			};
			name = Release;
		};
/* End XCBuildConfiguration section */

/* Begin XCConfigurationList section */
		21403DAF1BEFE62C008DD9BF /* Build configuration list for PBXProject "e3-konkret" */ = {
			isa = XCConfigurationList;
			buildConfigurations = (
				21403DE91BEFE62C008DD9BF /* Debug */,
				21403DEA1BEFE62C008DD9BF /* Release */,
			);
			defaultConfigurationIsVisible = 0;
			defaultConfigurationName = Release;
		};
		21403DEB1BEFE62C008DD9BF /* Build configuration list for PBXNativeTarget "e3-konkret WatchKit Extension" */ = {
			isa = XCConfigurationList;
			buildConfigurations = (
				21403DEC1BEFE62C008DD9BF /* Debug */,
				21403DED1BEFE62C008DD9BF /* Release */,
			);
			defaultConfigurationIsVisible = 0;
		};
		21403DEF1BEFE62C008DD9BF /* Build configuration list for PBXNativeTarget "e3-konkret WatchKit App" */ = {
			isa = XCConfigurationList;
			buildConfigurations = (
				21403DF01BEFE62C008DD9BF /* Debug */,
				21403DF11BEFE62C008DD9BF /* Release */,
			);
			defaultConfigurationIsVisible = 0;
		};
		21403DF31BEFE62C008DD9BF /* Build configuration list for PBXNativeTarget "e3-konkret" */ = {
			isa = XCConfigurationList;
			buildConfigurations = (
				21403DF41BEFE62C008DD9BF /* Debug */,
				21403DF51BEFE62C008DD9BF /* Release */,
			);
			defaultConfigurationIsVisible = 0;
		};
/* End XCConfigurationList section */
	};
	rootObject = 21403DAC1BEFE62C008DD9BF /* Project object */;
}
